PODS:
  - Caerula (0.2.1):
    - NorthLayout (~> 5.0)
    - "※ikemen"
  - FootlessParser (0.5.2)
  - NorthLayout (5.2.0):
    - FootlessParser (~> 0.4)
  - "※ikemen (0.7.0)"

DEPENDENCIES:
  - Caerula (from `../`)
  - NorthLayout
  - "※ikemen"

SPEC REPOS:
  trunk:
    - FootlessParser
    - NorthLayout
    - "※ikemen"

EXTERNAL SOURCES:
  Caerula:
    :path: "../"

SPEC CHECKSUMS:
  Caerula: f1efaa2b0aa0f87165cfd0029e8208cc77d6bb80
  FootlessParser: 521916d592fa6cba06cfca6f4b5d4f5a2d49175a
  NorthLayout: 308a58a8f7d96f316e6399ff6432f8769321bbdf
  "※ikemen": db03a47c165f9889af8260758087b49f6cdeee2f

PODFILE CHECKSUM: afb0af5e713d3d251205add845b27f9a69d1a583

COCOAPODS: 1.11.3
