{
  "object": {
    "pins": [
      {
        "package": "FootlessParser",
        "repositoryURL": "https://github.com/kareman/FootlessParser",
        "state": {
          "branch": null,
          "revision": "11c7a366720a2cc62d13ee69c8bdb8372bb3bb2b",
          "version": "0.5.2"
        }
      },
      {
        "package": "ikemen",
        "repositoryURL": "https://github.com/banjun/ikemen",
        "state": {
          "branch": "spm",
          "revision": "3470512d0c8eb22f3985709f253dac138caebef7",
          "version": null
        }
      },
      {
        "package": "NorthLayout",
        "repositoryURL": "https://github.com/banjun/NorthLayout",
        "state": {
          "branch": null,
          "revision": "ad450dadc3a95d35ed0ed159f9eb23b792872a9a",
          "version": "5.3.0"
        }
      }
    ]
  },
  "version": 1
}
